<?xml version="1.0" encoding="utf-8"?>
<Project ToolsVersion="4.0" xmlns="http://schemas.microsoft.com/developer/msbuild/2003">
  <ItemGroup>
    <Filter Include="tests">
      <UniqueIdentifier>{8c3f96b9-7cca-44a9-8c6d-222978150aec}</UniqueIdentifier>
    </Filter>
    <Filter Include="model">
      <UniqueIdentifier>{4FC737F1-C7A5-4376-A066-2A32D752A2FF}</UniqueIdentifier>
      <Extensions>cpp;c;cc;cxx;def;odl;idl;hpj;bat;asm;asmx</Extensions>
    </Filter>
  </ItemGroup>
  <ItemGroup>
    <ClCompile Include="..\..\..\utils\test-runner.cc">
      <Filter>model</Filter>
    </ClCompile>
    <ClCompile Include="..\..\..\src\mesh\test\flame\flame-regression.cc">
      <Filter>tests</Filter>
    </ClCompile>
    <ClCompile Include="..\..\..\src\mesh\test\flame\flame-test-suite.cc">
      <Filter>tests</Filter>
    </ClCompile>
    <ClCompile Include="..\..\..\src\mesh\test\flame\regression.cc">
      <Filter>tests</Filter>
    </ClCompile>
  </ItemGroup>
  <ItemGroup>
    <ClInclude Include="..\..\..\src\mesh\test\flame\flame-regression.h">
      <Filter>tests</Filter>
    </ClInclude>
  </ItemGroup>
</Project>