<?xml version="1.0" encoding="utf-8"?>
<Project ToolsVersion="4.0" xmlns="http://schemas.microsoft.com/developer/msbuild/2003">
  <ItemGroup>
    <Filter Include="tests">
      <UniqueIdentifier>{8c3f96b9-7cca-44a9-8c6d-222978150aec}</UniqueIdentifier>
    </Filter>
    <Filter Include="model">
      <UniqueIdentifier>{4FC737F1-C7A5-4376-A066-2A32D752A2FF}</UniqueIdentifier>
      <Extensions>cpp;c;cc;cxx;def;odl;idl;hpj;bat;asm;asmx</Extensions>
    </Filter>
  </ItemGroup>
  <ItemGroup>
    <ClCompile Include="..\..\..\utils\test-runner.cc">
      <Filter>model</Filter>
    </ClCompile>
    <ClCompile Include="..\..\..\src\aodv\test\aodv-id-cache-test-suite.cc">
      <Filter>tests</Filter>
    </ClCompile>
    <ClCompile Include="..\..\..\src\aodv\test\aodv-regression.cc">
      <Filter>tests</Filter>
    </ClCompile>
    <ClCompile Include="..\..\..\src\aodv\test\aodv-test-suite.cc">
      <Filter>tests</Filter>
    </ClCompile>
    <ClCompile Include="..\..\..\src\aodv\test\bug-772.cc">
      <Filter>tests</Filter>
    </ClCompile>
    <ClCompile Include="..\..\..\src\aodv\test\loopback.cc">
      <Filter>tests</Filter>
    </ClCompile>
    <ClCompile Include="..\..\..\src\antenna\test\test-angles.cc">
      <Filter>tests</Filter>
    </ClCompile>
    <ClCompile Include="..\..\..\src\antenna\test\test-cosine-antenna.cc">
      <Filter>tests</Filter>
    </ClCompile>
    <ClCompile Include="..\..\..\src\antenna\test\test-degrees-radians.cc">
      <Filter>tests</Filter>
    </ClCompile>
    <ClCompile Include="..\..\..\src\antenna\test\test-isotropic-antenna.cc">
      <Filter>tests</Filter>
    </ClCompile>
    <ClCompile Include="..\..\..\src\antenna\test\test-parabolic-antenna.cc">
      <Filter>tests</Filter>
    </ClCompile>
    <ClCompile Include="..\..\..\src\applications\test\udp-client-server-test.cc">
      <Filter>tests</Filter>
    </ClCompile>
    <ClCompile Include="..\..\..\src\buildings\test\building-position-allocator-test.cc">
      <Filter>tests</Filter>
    </ClCompile>
    <ClCompile Include="..\..\..\src\buildings\test\buildings-helper-test.cc">
      <Filter>tests</Filter>
    </ClCompile>
    <ClCompile Include="..\..\..\src\buildings\test\buildings-pathloss-test.cc">
      <Filter>tests</Filter>
    </ClCompile>
    <ClCompile Include="..\..\..\src\buildings\test\buildings-shadowing-test.cc">
      <Filter>tests</Filter>
    </ClCompile>
    <ClCompile Include="..\..\..\src\core\test\attribute-test-suite.cc">
      <Filter>tests</Filter>
    </ClCompile>
    <ClCompile Include="..\..\..\src\core\test\callback-test-suite.cc">
      <Filter>tests</Filter>
    </ClCompile>
    <ClCompile Include="..\..\..\src\core\test\config-test-suite.cc">
      <Filter>tests</Filter>
    </ClCompile>
    <ClCompile Include="..\..\..\src\core\test\event-garbage-collector-test-suite.cc">
      <Filter>tests</Filter>
    </ClCompile>
    <ClCompile Include="..\..\..\src\core\test\global-value-test-suite.cc">
      <Filter>tests</Filter>
    </ClCompile>
    <ClCompile Include="..\..\..\src\core\test\int64x64-test-suite.cc">
      <Filter>tests</Filter>
    </ClCompile>
    <ClCompile Include="..\..\..\src\core\test\many-uniform-random-variables-one-get-value-call-test-suite.cc">
      <Filter>tests</Filter>
    </ClCompile>
    <ClCompile Include="..\..\..\src\core\test\names-test-suite.cc">
      <Filter>tests</Filter>
    </ClCompile>
    <ClCompile Include="..\..\..\src\core\test\object-test-suite.cc">
      <Filter>tests</Filter>
    </ClCompile>
    <ClCompile Include="..\..\..\src\core\test\one-uniform-random-variable-many-get-value-calls-test-suite.cc">
      <Filter>tests</Filter>
    </ClCompile>
    <ClCompile Include="..\..\..\src\core\test\ptr-test-suite.cc">
      <Filter>tests</Filter>
    </ClCompile>
    <ClCompile Include="..\..\..\src\core\test\random-variable-test-suite.cc">
      <Filter>tests</Filter>
    </ClCompile>
    <ClCompile Include="..\..\..\src\core\test\sample-test-suite.cc">
      <Filter>tests</Filter>
    </ClCompile>
    <ClCompile Include="..\..\..\src\core\test\simulator-test-suite.cc">
      <Filter>tests</Filter>
    </ClCompile>
    <ClCompile Include="..\..\..\src\core\test\timer-test-suite.cc">
      <Filter>tests</Filter>
    </ClCompile>
    <ClCompile Include="..\..\..\src\core\test\time-test-suite.cc">
      <Filter>tests</Filter>
    </ClCompile>
    <ClCompile Include="..\..\..\src\core\test\traced-callback-test-suite.cc">
      <Filter>tests</Filter>
    </ClCompile>
    <ClCompile Include="..\..\..\src\core\test\type-traits-test-suite.cc">
      <Filter>tests</Filter>
    </ClCompile>
    <ClCompile Include="..\..\..\src\dsdv\test\dsdv-testcase.cc">
      <Filter>tests</Filter>
    </ClCompile>
    <ClCompile Include="..\..\..\src\dsr\test\dsr-test-suite.cc">
      <Filter>tests</Filter>
    </ClCompile>
    <ClCompile Include="..\..\..\src\energy\test\basic-energy-model-test.cc">
      <Filter>tests</Filter>
    </ClCompile>
    <ClCompile Include="..\..\..\src\energy\test\li-ion-energy-source-test.cc">
      <Filter>tests</Filter>
    </ClCompile>
    <ClCompile Include="..\..\..\src\energy\test\rv-battery-model-test.cc">
      <Filter>tests</Filter>
    </ClCompile>
    <ClCompile Include="..\..\..\src\flow-monitor\test\histogram-test-suite.cc">
      <Filter>tests</Filter>
    </ClCompile>
    <ClCompile Include="..\..\..\src\internet\test\error-channel.cc">
      <Filter>tests</Filter>
    </ClCompile>
    <ClCompile Include="..\..\..\src\internet\test\error-net-device.cc">
      <Filter>tests</Filter>
    </ClCompile>
    <ClCompile Include="..\..\..\src\internet\test\global-route-manager-impl-test-suite.cc">
      <Filter>tests</Filter>
    </ClCompile>
    <ClCompile Include="..\..\..\src\internet\test\ipv4-address-generator-test-suite.cc">
      <Filter>tests</Filter>
    </ClCompile>
    <ClCompile Include="..\..\..\src\internet\test\ipv4-address-helper-test-suite.cc">
      <Filter>tests</Filter>
    </ClCompile>
    <ClCompile Include="..\..\..\src\internet\test\ipv4-forwarding-test.cc">
      <Filter>tests</Filter>
    </ClCompile>
    <ClCompile Include="..\..\..\src\internet\test\ipv4-list-routing-test-suite.cc">
      <Filter>tests</Filter>
    </ClCompile>
    <ClCompile Include="..\..\..\src\internet\test\ipv4-packet-info-tag-test-suite.cc">
      <Filter>tests</Filter>
    </ClCompile>
    <ClCompile Include="..\..\..\src\internet\test\ipv4-test.cc">
      <Filter>tests</Filter>
    </ClCompile>
    <ClCompile Include="..\..\..\src\internet\test\ipv6-address-generator-test-suite.cc">
      <Filter>tests</Filter>
    </ClCompile>
    <ClCompile Include="..\..\..\src\internet\test\ipv6-address-helper-test-suite.cc">
      <Filter>tests</Filter>
    </ClCompile>
    <ClCompile Include="..\..\..\src\internet\test\ipv6-dual-stack-test-suite.cc">
      <Filter>tests</Filter>
    </ClCompile>
    <ClCompile Include="..\..\..\src\internet\test\ipv6-forwarding-test.cc">
      <Filter>tests</Filter>
    </ClCompile>
    <ClCompile Include="..\..\..\src\internet\test\ipv6-list-routing-test-suite.cc">
      <Filter>tests</Filter>
    </ClCompile>
    <ClCompile Include="..\..\..\src\internet\test\ipv6-packet-info-tag-test-suite.cc">
      <Filter>tests</Filter>
    </ClCompile>
    <ClCompile Include="..\..\..\src\internet\test\ipv6-test.cc">
      <Filter>tests</Filter>
    </ClCompile>
    <ClCompile Include="..\..\..\src\internet\test\tcp-test.cc">
      <Filter>tests</Filter>
    </ClCompile>
    <ClCompile Include="..\..\..\src\internet\test\udp-test.cc">
      <Filter>tests</Filter>
    </ClCompile>
    <ClCompile Include="..\..\..\src\lte\test\epc-test-gtpu.cc">
      <Filter>tests</Filter>
    </ClCompile>
    <ClCompile Include="..\..\..\src\lte\test\epc-test-s1u-downlink.cc">
      <Filter>tests</Filter>
    </ClCompile>
    <ClCompile Include="..\..\..\src\lte\test\epc-test-s1u-uplink.cc">
      <Filter>tests</Filter>
    </ClCompile>
    <ClCompile Include="..\..\..\src\lte\test\lte-simple-helper.cc">
      <Filter>tests</Filter>
    </ClCompile>
    <ClCompile Include="..\..\..\src\lte\test\lte-simple-net-device.cc">
      <Filter>tests</Filter>
    </ClCompile>
    <ClCompile Include="..\..\..\src\lte\test\lte-test-downlink-sinr.cc">
      <Filter>tests</Filter>
    </ClCompile>
    <ClCompile Include="..\..\..\src\lte\test\lte-test-earfcn.cc">
      <Filter>tests</Filter>
    </ClCompile>
    <ClCompile Include="..\..\..\src\lte\test\lte-test-entities.cc">
      <Filter>tests</Filter>
    </ClCompile>
    <ClCompile Include="..\..\..\src\lte\test\lte-test-fdbet-ff-mac-scheduler.cc">
      <Filter>tests</Filter>
    </ClCompile>
    <ClCompile Include="..\..\..\src\lte\test\lte-test-fdmt-ff-mac-scheduler.cc">
      <Filter>tests</Filter>
    </ClCompile>
    <ClCompile Include="..\..\..\src\lte\test\lte-test-fdtbfq-ff-mac-scheduler.cc">
      <Filter>tests</Filter>
    </ClCompile>
    <ClCompile Include="..\..\..\src\lte\test\lte-test-harq.cc">
      <Filter>tests</Filter>
    </ClCompile>
    <ClCompile Include="..\..\..\src\lte\test\lte-test-interference.cc">
      <Filter>tests</Filter>
    </ClCompile>
    <ClCompile Include="..\..\..\src\lte\test\lte-test-mimo.cc">
      <Filter>tests</Filter>
    </ClCompile>
    <ClCompile Include="..\..\..\src\lte\test\lte-test-pathloss-model.cc">
      <Filter>tests</Filter>
    </ClCompile>
    <ClCompile Include="..\..\..\src\lte\test\lte-test-pf-ff-mac-scheduler.cc">
      <Filter>tests</Filter>
    </ClCompile>
    <ClCompile Include="..\..\..\src\lte\test\lte-test-phy-error-model.cc">
      <Filter>tests</Filter>
    </ClCompile>
    <ClCompile Include="..\..\..\src\lte\test\lte-test-rlc-am-e2e.cc">
      <Filter>tests</Filter>
    </ClCompile>
    <ClCompile Include="..\..\..\src\lte\test\lte-test-rlc-am-transmitter.cc">
      <Filter>tests</Filter>
    </ClCompile>
    <ClCompile Include="..\..\..\src\lte\test\lte-test-rlc-um-e2e.cc">
      <Filter>tests</Filter>
    </ClCompile>
    <ClCompile Include="..\..\..\src\lte\test\lte-test-rlc-um-transmitter.cc">
      <Filter>tests</Filter>
    </ClCompile>
    <ClCompile Include="..\..\..\src\lte\test\lte-test-rr-ff-mac-scheduler.cc">
      <Filter>tests</Filter>
    </ClCompile>
    <ClCompile Include="..\..\..\src\lte\test\lte-test-sinr-chunk-processor.cc">
      <Filter>tests</Filter>
    </ClCompile>
    <ClCompile Include="..\..\..\src\lte\test\lte-test-spectrum-value-helper.cc">
      <Filter>tests</Filter>
    </ClCompile>
    <ClCompile Include="..\..\..\src\lte\test\lte-test-tdbet-ff-mac-scheduler.cc">
      <Filter>tests</Filter>
    </ClCompile>
    <ClCompile Include="..\..\..\src\lte\test\lte-test-tdmt-ff-mac-scheduler.cc">
      <Filter>tests</Filter>
    </ClCompile>
    <ClCompile Include="..\..\..\src\lte\test\lte-test-tdtbfq-ff-mac-scheduler.cc">
      <Filter>tests</Filter>
    </ClCompile>
    <ClCompile Include="..\..\..\src\lte\test\lte-test-tta-ff-mac-scheduler.cc">
      <Filter>tests</Filter>
    </ClCompile>
    <ClCompile Include="..\..\..\src\lte\test\lte-test-ue-phy.cc">
      <Filter>tests</Filter>
    </ClCompile>
    <ClCompile Include="..\..\..\src\lte\test\test-epc-tft-classifier.cc">
      <Filter>tests</Filter>
    </ClCompile>
    <ClCompile Include="..\..\..\src\lte\test\test-lte-handover-delay.cc">
      <Filter>tests</Filter>
    </ClCompile>
    <ClCompile Include="..\..\..\src\mesh\test\mesh-information-element-vector-test-suite.cc">
      <Filter>tests</Filter>
    </ClCompile>
    <ClCompile Include="..\..\..\src\mobility\test\mobility-trace-test-suite.cc">
      <Filter>tests</Filter>
    </ClCompile>
    <ClCompile Include="..\..\..\src\mobility\test\ns2-mobility-helper-test-suite.cc">
      <Filter>tests</Filter>
    </ClCompile>
    <ClCompile Include="..\..\..\src\mobility\test\steady-state-random-waypoint-mobility-model-test.cc">
      <Filter>tests</Filter>
    </ClCompile>
    <ClCompile Include="..\..\..\src\mobility\test\waypoint-mobility-model-test.cc">
      <Filter>tests</Filter>
    </ClCompile>
    <ClCompile Include="..\..\..\src\network\test\drop-tail-queue-test-suite.cc">
      <Filter>tests</Filter>
    </ClCompile>
    <ClCompile Include="..\..\..\src\network\test\error-model-test-suite.cc">
      <Filter>tests</Filter>
    </ClCompile>
    <ClCompile Include="..\..\..\src\network\test\ipv6-address-test-suite.cc">
      <Filter>tests</Filter>
    </ClCompile>
    <ClCompile Include="..\..\..\src\network\test\packetbb-test-suite.cc">
      <Filter>tests</Filter>
    </ClCompile>
    <ClCompile Include="..\..\..\src\network\test\packet-metadata-test.cc">
      <Filter>tests</Filter>
    </ClCompile>
    <ClCompile Include="..\..\..\src\network\test\packet-test-suite.cc">
      <Filter>tests</Filter>
    </ClCompile>
    <ClCompile Include="..\..\..\src\network\test\pcap-file-test-suite.cc">
      <Filter>tests</Filter>
    </ClCompile>
    <ClCompile Include="..\..\..\src\network\test\red-queue-test-suite.cc">
      <Filter>tests</Filter>
    </ClCompile>
    <ClCompile Include="..\..\..\src\network\test\sequence-number-test-suite.cc">
      <Filter>tests</Filter>
    </ClCompile>
    <ClCompile Include="..\..\..\src\olsr\test\bug780-test.cc">
      <Filter>tests</Filter>
    </ClCompile>
    <ClCompile Include="..\..\..\src\olsr\test\hello-regression-test.cc">
      <Filter>tests</Filter>
    </ClCompile>
    <ClCompile Include="..\..\..\src\olsr\test\olsr-routing-protocol-test-suite.cc">
      <Filter>tests</Filter>
    </ClCompile>
    <ClCompile Include="..\..\..\src\olsr\test\regression-test-suite.cc">
      <Filter>tests</Filter>
    </ClCompile>
    <ClCompile Include="..\..\..\src\olsr\test\tc-regression-test.cc">
      <Filter>tests</Filter>
    </ClCompile>
    <ClCompile Include="..\..\..\src\point-to-point\test\point-to-point-test.cc">
      <Filter>tests</Filter>
    </ClCompile>
    <ClCompile Include="..\..\..\src\propagation\test\itu-r-1411-los-test-suite.cc">
      <Filter>tests</Filter>
    </ClCompile>
    <ClCompile Include="..\..\..\src\propagation\test\itu-r-1411-nlos-over-rooftop-test-suite.cc">
      <Filter>tests</Filter>
    </ClCompile>
    <ClCompile Include="..\..\..\src\propagation\test\kun-2600-mhz-test-suite.cc">
      <Filter>tests</Filter>
    </ClCompile>
    <ClCompile Include="..\..\..\src\propagation\test\okumura-hata-test-suite.cc">
      <Filter>tests</Filter>
    </ClCompile>
    <ClCompile Include="..\..\..\src\propagation\test\propagation-loss-model-test-suite.cc">
      <Filter>tests</Filter>
    </ClCompile>
    <ClCompile Include="..\..\..\src\spectrum\test\spectrum-ideal-phy-test.cc">
      <Filter>tests</Filter>
    </ClCompile>
    <ClCompile Include="..\..\..\src\spectrum\test\spectrum-interference-test.cc">
      <Filter>tests</Filter>
    </ClCompile>
    <ClCompile Include="..\..\..\src\spectrum\test\spectrum-value-test.cc">
      <Filter>tests</Filter>
    </ClCompile>
    <ClCompile Include="..\..\..\src\stats\test\average-test-suite.cc">
      <Filter>tests</Filter>
    </ClCompile>
    <ClCompile Include="..\..\..\src\stats\test\basic-data-calculators-test-suite.cc">
      <Filter>tests</Filter>
    </ClCompile>
    <ClCompile Include="..\..\..\src\uan\test\uan-energy-model-test.cc">
      <Filter>tests</Filter>
    </ClCompile>
    <ClCompile Include="..\..\..\src\uan\test\uan-test.cc">
      <Filter>tests</Filter>
    </ClCompile>
    <ClCompile Include="..\..\..\src\wifi\test\block-ack-test-suite.cc">
      <Filter>tests</Filter>
    </ClCompile>
    <ClCompile Include="..\..\..\src\wifi\test\dcf-manager-test.cc">
      <Filter>tests</Filter>
    </ClCompile>
    <ClCompile Include="..\..\..\src\wifi\test\tx-duration-test.cc">
      <Filter>tests</Filter>
    </ClCompile>
    <ClCompile Include="..\..\..\src\wifi\test\wifi-test.cc">
      <Filter>tests</Filter>
    </ClCompile>
    <ClCompile Include="..\..\..\src\wimax\test\mac-messages-test.cc">
      <Filter>tests</Filter>
    </ClCompile>
    <ClCompile Include="..\..\..\src\wimax\test\phy-test.cc">
      <Filter>tests</Filter>
    </ClCompile>
    <ClCompile Include="..\..\..\src\wimax\test\qos-test.cc">
      <Filter>tests</Filter>
    </ClCompile>
    <ClCompile Include="..\..\..\src\wimax\test\ss-mac-test.cc">
      <Filter>tests</Filter>
    </ClCompile>
    <ClCompile Include="..\..\..\src\wimax\test\wimax-fragmentation-test.cc">
      <Filter>tests</Filter>
    </ClCompile>
    <ClCompile Include="..\..\..\src\wimax\test\wimax-service-flow-test.cc">
      <Filter>tests</Filter>
    </ClCompile>
    <ClCompile Include="..\..\..\src\wimax\test\wimax-tlv-test.cc">
      <Filter>tests</Filter>
    </ClCompile>
  </ItemGroup>
  <ItemGroup>
    <ClInclude Include="..\..\..\src\aodv\test\aodv-regression.h">
      <Filter>tests</Filter>
    </ClInclude>
    <ClInclude Include="..\..\..\src\aodv\test\bug-772.h">
      <Filter>tests</Filter>
    </ClInclude>
    <ClInclude Include="..\..\..\src\aodv\test\loopback.h">
      <Filter>tests</Filter>
    </ClInclude>
    <ClInclude Include="..\..\..\src\buildings\test\buildings-pathloss-test.h">
      <Filter>tests</Filter>
    </ClInclude>
    <ClInclude Include="..\..\..\src\buildings\test\buildings-shadowing-test.h">
      <Filter>tests</Filter>
    </ClInclude>
    <ClInclude Include="..\..\..\src\internet\test\error-channel.h">
      <Filter>tests</Filter>
    </ClInclude>
    <ClInclude Include="..\..\..\src\internet\test\error-net-device.h">
      <Filter>tests</Filter>
    </ClInclude>
    <ClInclude Include="..\..\..\src\lte\test\epc-test-gtpu.h">
      <Filter>tests</Filter>
    </ClInclude>
    <ClInclude Include="..\..\..\src\lte\test\lte-simple-helper.h">
      <Filter>tests</Filter>
    </ClInclude>
    <ClInclude Include="..\..\..\src\lte\test\lte-simple-net-device.h">
      <Filter>tests</Filter>
    </ClInclude>
    <ClInclude Include="..\..\..\src\lte\test\lte-test-downlink-sinr.h">
      <Filter>tests</Filter>
    </ClInclude>
    <ClInclude Include="..\..\..\src\lte\test\lte-test-entities.h">
      <Filter>tests</Filter>
    </ClInclude>
    <ClInclude Include="..\..\..\src\lte\test\lte-test-fdbet-ff-mac-scheduler.h">
      <Filter>tests</Filter>
    </ClInclude>
    <ClInclude Include="..\..\..\src\lte\test\lte-test-fdmt-ff-mac-scheduler.h">
      <Filter>tests</Filter>
    </ClInclude>
    <ClInclude Include="..\..\..\src\lte\test\lte-test-fdtbfq-ff-mac-scheduler.h">
      <Filter>tests</Filter>
    </ClInclude>
    <ClInclude Include="..\..\..\src\lte\test\lte-test-harq.h">
      <Filter>tests</Filter>
    </ClInclude>
    <ClInclude Include="..\..\..\src\lte\test\lte-test-interference.h">
      <Filter>tests</Filter>
    </ClInclude>
    <ClInclude Include="..\..\..\src\lte\test\lte-test-mimo.h">
      <Filter>tests</Filter>
    </ClInclude>
    <ClInclude Include="..\..\..\src\lte\test\lte-test-pathloss-model.h">
      <Filter>tests</Filter>
    </ClInclude>
    <ClInclude Include="..\..\..\src\lte\test\lte-test-pf-ff-mac-scheduler.h">
      <Filter>tests</Filter>
    </ClInclude>
    <ClInclude Include="..\..\..\src\lte\test\lte-test-phy-error-model.h">
      <Filter>tests</Filter>
    </ClInclude>
    <ClInclude Include="..\..\..\src\lte\test\lte-test-rlc-am-e2e.h">
      <Filter>tests</Filter>
    </ClInclude>
    <ClInclude Include="..\..\..\src\lte\test\lte-test-rlc-am-transmitter.h">
      <Filter>tests</Filter>
    </ClInclude>
    <ClInclude Include="..\..\..\src\lte\test\lte-test-rlc-um-e2e.h">
      <Filter>tests</Filter>
    </ClInclude>
    <ClInclude Include="..\..\..\src\lte\test\lte-test-rlc-um-transmitter.h">
      <Filter>tests</Filter>
    </ClInclude>
    <ClInclude Include="..\..\..\src\lte\test\lte-test-rr-ff-mac-scheduler.h">
      <Filter>tests</Filter>
    </ClInclude>
    <ClInclude Include="..\..\..\src\lte\test\lte-test-sinr-chunk-processor.h">
      <Filter>tests</Filter>
    </ClInclude>
    <ClInclude Include="..\..\..\src\lte\test\lte-test-tdbet-ff-mac-scheduler.h">
      <Filter>tests</Filter>
    </ClInclude>
    <ClInclude Include="..\..\..\src\lte\test\lte-test-tdmt-ff-mac-scheduler.h">
      <Filter>tests</Filter>
    </ClInclude>
    <ClInclude Include="..\..\..\src\lte\test\lte-test-tdtbfq-ff-mac-scheduler.h">
      <Filter>tests</Filter>
    </ClInclude>
    <ClInclude Include="..\..\..\src\lte\test\lte-test-tta-ff-mac-scheduler.h">
      <Filter>tests</Filter>
    </ClInclude>
    <ClInclude Include="..\..\..\src\lte\test\lte-test-ue-phy.h">
      <Filter>tests</Filter>
    </ClInclude>
    <ClInclude Include="..\..\..\src\olsr\test\bug780-test.h">
      <Filter>tests</Filter>
    </ClInclude>
    <ClInclude Include="..\..\..\src\olsr\test\hello-regression-test.h">
      <Filter>tests</Filter>
    </ClInclude>
    <ClInclude Include="..\..\..\src\olsr\test\tc-regression-test.h">
      <Filter>tests</Filter>
    </ClInclude>
    <ClInclude Include="..\..\..\src\spectrum\test\spectrum-test.h">
      <Filter>tests</Filter>
    </ClInclude>
  </ItemGroup>
</Project>